{"lockfile-version":0,"manifest":{"install":{"inetutils":null,"nodejs_20":null},"registry":{"defaults":{"subtrees":null},"inputs":{"nixpkgs":{"from":{"owner":"NixOS","ref":"release-23.05","repo":"nixpkgs","type":"github"},"subtrees":["legacyPackages"]}},"priority":["nixpkgs"]}},"packages":{"aarch64-darwin":{"inetutils":{"attr-path":["legacyPackages","aarch64-darwin","inetutils"],"info":{"broken":false,"license":"GPL-3.0-or-later","pname":"inetutils","unfree":false,"version":"2.4"},"input":{"attrs":{"lastModified":1702221085,"narHash":"sha256-Br3GCSkkvkmw46cT6wCz6ro2H1WgDMWbKE0qctbdtL0=","owner":"NixOS","repo":"nixpkgs","rev":"c2786e7084cbad90b4f9472d5b5e35ecb57958af","type":"github"},"fingerprint":"e279cdf20f00901b55880c47946261ec60da067c76e0d0414e1c330e7df1902e","url":"github:NixOS/nixpkgs/c2786e7084cbad90b4f9472d5b5e35ecb57958af"},"priority":5},"nodejs_20":{"attr-path":["legacyPackages","aarch64-darwin","nodejs_20"],"info":{"broken":false,"license":"MIT","pname":"nodejs","unfree":false,"version":"20.5.1"},"input":{"attrs":{"lastModified":1702221085,"narHash":"sha256-Br3GCSkkvkmw46cT6wCz6ro2H1WgDMWbKE0qctbdtL0=","owner":"NixOS","repo":"nixpkgs","rev":"c2786e7084cbad90b4f9472d5b5e35ecb57958af","type":"github"},"fingerprint":"e279cdf20f00901b55880c47946261ec60da067c76e0d0414e1c330e7df1902e","url":"github:NixOS/nixpkgs/c2786e7084cbad90b4f9472d5b5e35ecb57958af"},"priority":5}}},"registry":{"defaults":{"subtrees":null},"inputs":{"nixpkgs":{"from":{"lastModified":1702221085,"narHash":"sha256-Br3GCSkkvkmw46cT6wCz6ro2H1WgDMWbKE0qctbdtL0=","owner":"NixOS","repo":"nixpkgs","rev":"c2786e7084cbad90b4f9472d5b5e35ecb57958af","type":"github"},"subtrees":["legacyPackages"]}},"priority":["nixpkgs"]}}